// !$*UTF8*$!
{
	archiveVersion = 1;
	classes = {
	};
	objectVersion = 46;
	objects = {

/* Begin PBXAggregateTarget section */
		18024C6880D04D23B1381134 /* module.pcm */ = {
			isa = PBXAggregateTarget;
			buildConfigurationList = E856FEEDBF8F41D390A222C6 /* Build configuration list for PBXAggregateTarget "module.pcm" */;
			buildPhases = (
				CD66DA2EE2610EA3775DA6C4 /* Generate CMakeFiles/module.pcm */,
			);
			dependencies = (
				8EF7902813CC47ACB1DF4BCD /* PBXTargetDependency */,
			);
			name = module.pcm;
			productName = module.pcm;
		};
		1CD5EC48BA204F17AEEF409D /* ALL_BUILD */ = {
			isa = PBXAggregateTarget;
			buildConfigurationList = F5B96F6ED26F4CA1B623A199 /* Build configuration list for PBXAggregateTarget "ALL_BUILD" */;
			buildPhases = (
				824D5529A8D91F700A55CCA9 /* Generate CMakeFiles/ALL_BUILD */,
			);
			dependencies = (
				55FCFEF57806492182FB1AC6 /* PBXTargetDependency */,
				66B22793DF274970ADC10693 /* PBXTargetDependency */,
			);
			name = ALL_BUILD;
			productName = ALL_BUILD;
		};
		56E9C806B31E40C7BF671E26 /* ZERO_CHECK */ = {
			isa = PBXAggregateTarget;
			buildConfigurationList = 18AB2C422DDF49379C24130E /* Build configuration list for PBXAggregateTarget "ZERO_CHECK" */;
			buildPhases = (
				4CE3655BE9907AE2760F5D71 /* Generate CMakeFiles/ZERO_CHECK */,
			);
			dependencies = (
			);
			name = ZERO_CHECK;
			productName = ZERO_CHECK;
		};
/* End PBXAggregateTarget section */

/* Begin PBXBuildFile section */
		1EBDF25474C74919988F8C13 /* /Users/philipwenkel/Github/Modules_example_cmake/module.cpp */ = {isa = PBXBuildFile; fileRef = 9E5A42C170B84654994FFC78 /* /Users/philipwenkel/Github/Modules_example_cmake/module.cpp */; };
		57A6F610867B4BE59CBAB215 /* /Users/philipwenkel/Github/Modules_example_cmake/CMakeLists.txt */ = {isa = PBXBuildFile; fileRef = 6D0C31E353EA48CBB7FD3B19 /* /Users/philipwenkel/Github/Modules_example_cmake/CMakeLists.txt */; };
		A8E21544E1F0452DA1C4E41C /* /Users/philipwenkel/Github/Modules_example_cmake/main.cpp */ = {isa = PBXBuildFile; fileRef = 98EF58497B6649DF97583EFB /* /Users/philipwenkel/Github/Modules_example_cmake/main.cpp */; };
/* End PBXBuildFile section */

/* Begin PBXBuildStyle section */
		2ABE98BFEA5945B584A9FF7C /* Debug */ = {
			isa = PBXBuildStyle;
			buildSettings = {
				COPY_PHASE_STRIP = NO;
			};
			name = Debug;
		};
		6FDA68A960544BB09E752855 /* Kuk */ = {
			isa = PBXBuildStyle;
			buildSettings = {
				COPY_PHASE_STRIP = NO;
			};
			name = Kuk;
		};
		9D13F06580CA4F9492A75453 /* Release */ = {
			isa = PBXBuildStyle;
			buildSettings = {
				COPY_PHASE_STRIP = NO;
			};
			name = Release;
		};
/* End PBXBuildStyle section */

/* Begin PBXContainerItemProxy section */
		012B82986C57436C81C3BFD3 /* PBXContainerItemProxy */ = {
			isa = PBXContainerItemProxy;
			containerPortal = DED1B58FB6764E08B9E35FB5 /* Project object */;
			proxyType = 1;
			remoteGlobalIDString = C77393914A884C4F9A6BCECD;
			remoteInfo = main;
		};
		21D5825B8F114633AEFC05E9 /* PBXContainerItemProxy */ = {
			isa = PBXContainerItemProxy;
			containerPortal = DED1B58FB6764E08B9E35FB5 /* Project object */;
			proxyType = 1;
			remoteGlobalIDString = 18024C6880D04D23B1381134;
			remoteInfo = module.pcm;
		};
		4CA179C4D0A24AE197CD2D93 /* PBXContainerItemProxy */ = {
			isa = PBXContainerItemProxy;
			containerPortal = DED1B58FB6764E08B9E35FB5 /* Project object */;
			proxyType = 1;
			remoteGlobalIDString = 56E9C806B31E40C7BF671E26;
			remoteInfo = ZERO_CHECK;
		};
		5824F9559F8749A68ADA4656 /* PBXContainerItemProxy */ = {
			isa = PBXContainerItemProxy;
			containerPortal = DED1B58FB6764E08B9E35FB5 /* Project object */;
			proxyType = 1;
			remoteGlobalIDString = 56E9C806B31E40C7BF671E26;
			remoteInfo = ZERO_CHECK;
		};
		9CE8F4995D1F466380444CE9 /* PBXContainerItemProxy */ = {
			isa = PBXContainerItemProxy;
			containerPortal = DED1B58FB6764E08B9E35FB5 /* Project object */;
			proxyType = 1;
			remoteGlobalIDString = 56E9C806B31E40C7BF671E26;
			remoteInfo = ZERO_CHECK;
		};
/* End PBXContainerItemProxy section */

/* Begin PBXFileReference section */
		30D9F9DE06C84B5CB478572A /* /Users/philipwenkel/Github/Modules_example_cmake/CMakeLists.txt */ = {isa = PBXFileReference; explicitFileType = sourcecode.text; fileEncoding = 4; name = CMakeLists.txt; path = CMakeLists.txt; sourceTree = SOURCE_ROOT; };
		6D0C31E353EA48CBB7FD3B19 /* /Users/philipwenkel/Github/Modules_example_cmake/CMakeLists.txt */ = {isa = PBXFileReference; explicitFileType = sourcecode.text; fileEncoding = 4; name = CMakeLists.txt; path = CMakeLists.txt; sourceTree = SOURCE_ROOT; };
		98EF58497B6649DF97583EFB /* /Users/philipwenkel/Github/Modules_example_cmake/main.cpp */ = {isa = PBXFileReference; explicitFileType = sourcecode.cpp.cpp; fileEncoding = 4; name = main.cpp; path = main.cpp; sourceTree = SOURCE_ROOT; };
		9E5A42C170B84654994FFC78 /* /Users/philipwenkel/Github/Modules_example_cmake/module.cpp */ = {isa = PBXFileReference; explicitFileType = sourcecode.cpp.cpp; fileEncoding = 4; name = module.cpp; path = module.cpp; sourceTree = SOURCE_ROOT; };
		F4E653DC53764E2DA58FF93A /* /Users/philipwenkel/Github/Modules_example_cmake/CMakeLists.txt */ = {isa = PBXFileReference; explicitFileType = sourcecode.text; fileEncoding = 4; name = CMakeLists.txt; path = CMakeLists.txt; sourceTree = SOURCE_ROOT; };
		FF8A58FEB7B647DDAB07EF2E /* main */ = {isa = PBXFileReference; explicitFileType = "compiled.mach-o.executable"; path = main; sourceTree = BUILT_PRODUCTS_DIR; };
/* End PBXFileReference section */

/* Begin PBXFrameworksBuildPhase section */
		730D3C10579443E581932C2B /* Frameworks */ = {
			isa = PBXFrameworksBuildPhase;
			buildActionMask = 2147483647;
			files = (
			);
			runOnlyForDeploymentPostprocessing = 0;
		};
/* End PBXFrameworksBuildPhase section */

/* Begin PBXGroup section */
		0C2226DDFE3F4DB0BFD72E43 /* module.pcm */ = {
			isa = PBXGroup;
			children = (
				0FBF85D916BE471BBFB72463 /* CMake Rules */,
				F4E653DC53764E2DA58FF93A /* /Users/philipwenkel/Github/Modules_example_cmake/CMakeLists.txt */,
			);
			name = module.pcm;
			sourceTree = "<group>";
		};
		0FBF85D916BE471BBFB72463 /* CMake Rules */ = {
			isa = PBXGroup;
			children = (
			);
			name = "CMake Rules";
			sourceTree = "<group>";
		};
		386BB9576FEC4055B948F96E /* Source Files */ = {
			isa = PBXGroup;
			children = (
				98EF58497B6649DF97583EFB /* /Users/philipwenkel/Github/Modules_example_cmake/main.cpp */,
				9E5A42C170B84654994FFC78 /* /Users/philipwenkel/Github/Modules_example_cmake/module.cpp */,
			);
			name = "Source Files";
			sourceTree = "<group>";
		};
		42D71EE028614C80A38699BD /* Frameworks */ = {
			isa = PBXGroup;
			children = (
			);
			name = Frameworks;
			sourceTree = "<group>";
		};
		7F3671C4840B48C9A639B24C /* Products */ = {
			isa = PBXGroup;
			children = (
				FF8A58FEB7B647DDAB07EF2E /* main */,
			);
			name = Products;
			sourceTree = "<group>";
		};
		88F250FE07294D9A9151DA80 /* ALL_BUILD */ = {
			isa = PBXGroup;
			children = (
				F8745937440E4F298D854131 /* CMake Rules */,
				30D9F9DE06C84B5CB478572A /* /Users/philipwenkel/Github/Modules_example_cmake/CMakeLists.txt */,
			);
			name = ALL_BUILD;
			sourceTree = "<group>";
		};
		9EBE0DC92B0644B8BD09C9D4 /* main */ = {
			isa = PBXGroup;
			children = (
				386BB9576FEC4055B948F96E /* Source Files */,
				6D0C31E353EA48CBB7FD3B19 /* /Users/philipwenkel/Github/Modules_example_cmake/CMakeLists.txt */,
			);
			name = main;
			sourceTree = "<group>";
		};
		F6F70C0CE7214AA298089242 = {
			isa = PBXGroup;
			children = (
				0C2226DDFE3F4DB0BFD72E43 /* module.pcm */,
				9EBE0DC92B0644B8BD09C9D4 /* main */,
				88F250FE07294D9A9151DA80 /* ALL_BUILD */,
				7F3671C4840B48C9A639B24C /* Products */,
				42D71EE028614C80A38699BD /* Frameworks */,
			);
			sourceTree = "<group>";
		};
		F8745937440E4F298D854131 /* CMake Rules */ = {
			isa = PBXGroup;
			children = (
			);
			name = "CMake Rules";
			sourceTree = "<group>";
		};
/* End PBXGroup section */

/* Begin PBXNativeTarget section */
		C77393914A884C4F9A6BCECD /* main */ = {
			isa = PBXNativeTarget;
			buildConfigurationList = 6EB18BF3A25D44019BF7E77F /* Build configuration list for PBXNativeTarget "main" */;
			buildPhases = (
				94F7F42510BA4E3E8CDD0A21 /* Sources */,
				730D3C10579443E581932C2B /* Frameworks */,
			);
			buildRules = (
			);
			dependencies = (
				1B1FE190B7854E0398371D82 /* PBXTargetDependency */,
				D90FBDFE7D514200853A03FF /* PBXTargetDependency */,
			);
			name = main;
			productName = main;
			productReference = FF8A58FEB7B647DDAB07EF2E /* main */;
			productType = "com.apple.product-type.tool";
		};
/* End PBXNativeTarget section */

/* Begin PBXProject section */
		DED1B58FB6764E08B9E35FB5 /* Project object */ = {
			isa = PBXProject;
			attributes = {
				BuildIndependentTargetsInParallel = YES;
				LastUpgradeCheck = 1250;
			};
			buildConfigurationList = 56340807051E4E33908C89F1 /* Build configuration list for PBXProject "main" */;
			buildSettings = {
			};
			buildStyles = (
				2ABE98BFEA5945B584A9FF7C /* Debug */,
				9D13F06580CA4F9492A75453 /* Release */,
				6FDA68A960544BB09E752855 /* Kuk */,
			);
			compatibilityVersion = "Xcode 3.2";
			hasScannedForEncodings = 0;
			mainGroup = F6F70C0CE7214AA298089242;
			projectDirPath = ../;
			projectRoot = "";
			targets = (
				1CD5EC48BA204F17AEEF409D /* ALL_BUILD */,
				56E9C806B31E40C7BF671E26 /* ZERO_CHECK */,
				C77393914A884C4F9A6BCECD /* main */,
				18024C6880D04D23B1381134 /* module.pcm */,
			);
		};
/* End PBXProject section */

/* Begin PBXShellScriptBuildPhase section */
		3C0110FC8322DE7E50886E21 = {
			isa = PBXShellScriptBuildPhase;
			buildActionMask = 2147483647;
			files = (
			);
			inputPaths = (
			);
			outputPaths = (
			);
			runOnlyForDeploymentPostprocessing = 0;
			shellPath = /bin/sh;
			shellScript = "# shell script goes here
exit 0";
			showEnvVarsInLog = 0;
		};
		4CE3655BE9907AE2760F5D71 /* Generate CMakeFiles/ZERO_CHECK */ = {
			isa = PBXShellScriptBuildPhase;
			alwaysOutOfDate = 1;
			buildActionMask = 2147483647;
			files = (
			);
			inputPaths = (
			);
			name = "Generate CMakeFiles/ZERO_CHECK";
			outputPaths = (
/Users/philipwenkel/Github/Modules_example_cmake/xbuild/CMakeFiles/ZERO_CHECK			);
			runOnlyForDeploymentPostprocessing = 0;
			shellPath = /bin/sh;
			shellScript = "set -e
if test \"$CONFIGURATION\" = \"Debug\"; then :
  cd /Users/philipwenkel/Github/Modules_example_cmake/xbuild
  make -f /Users/philipwenkel/Github/Modules_example_cmake/xbuild/CMakeScripts/ReRunCMake.make
fi
if test \"$CONFIGURATION\" = \"Release\"; then :
  cd /Users/philipwenkel/Github/Modules_example_cmake/xbuild
  make -f /Users/philipwenkel/Github/Modules_example_cmake/xbuild/CMakeScripts/ReRunCMake.make
fi
if test \"$CONFIGURATION\" = \"Kuk\"; then :
  cd /Users/philipwenkel/Github/Modules_example_cmake/xbuild
  make -f /Users/philipwenkel/Github/Modules_example_cmake/xbuild/CMakeScripts/ReRunCMake.make
fi
";
			showEnvVarsInLog = 0;
		};
		824D5529A8D91F700A55CCA9 /* Generate CMakeFiles/ALL_BUILD */ = {
			isa = PBXShellScriptBuildPhase;
			alwaysOutOfDate = 1;
			buildActionMask = 2147483647;
			files = (
			);
			inputPaths = (
			);
			name = "Generate CMakeFiles/ALL_BUILD";
			outputPaths = (
/Users/philipwenkel/Github/Modules_example_cmake/xbuild/CMakeFiles/ALL_BUILD			);
			runOnlyForDeploymentPostprocessing = 0;
			shellPath = /bin/sh;
			shellScript = "set -e
if test \"$CONFIGURATION\" = \"Debug\"; then :
  cd /Users/philipwenkel/Github/Modules_example_cmake/xbuild
  echo Build\\ all\\ projects
fi
if test \"$CONFIGURATION\" = \"Release\"; then :
  cd /Users/philipwenkel/Github/Modules_example_cmake/xbuild
  echo Build\\ all\\ projects
fi
if test \"$CONFIGURATION\" = \"Kuk\"; then :
  cd /Users/philipwenkel/Github/Modules_example_cmake/xbuild
  echo Build\\ all\\ projects
fi
";
			showEnvVarsInLog = 0;
		};
		9B50530E35CC49C82C2FACCF = {
			isa = PBXShellScriptBuildPhase;
			buildActionMask = 2147483647;
			files = (
			);
			inputPaths = (
			);
			outputPaths = (
			);
			runOnlyForDeploymentPostprocessing = 0;
			shellPath = /bin/sh;
			shellScript = "# shell script goes here
exit 0";
			showEnvVarsInLog = 0;
		};
		CD66DA2EE2610EA3775DA6C4 /* Generate CMakeFiles/module.pcm */ = {
			isa = PBXShellScriptBuildPhase;
			alwaysOutOfDate = 1;
			buildActionMask = 2147483647;
			files = (
			);
			inputPaths = (
			);
			name = "Generate CMakeFiles/module.pcm";
			outputPaths = (
/Users/philipwenkel/Github/Modules_example_cmake/xbuild/CMakeFiles/module.pcm			);
			runOnlyForDeploymentPostprocessing = 0;
			shellPath = /bin/sh;
			shellScript = "set -e
if test \"$CONFIGURATION\" = \"Debug\"; then :
  cd /Users/philipwenkel/Github/Modules_example_cmake/xbuild
  /Applications/Xcode.app/Contents/Developer/Toolchains/XcodeDefault.xctoolchain/usr/bin/clang++ -std=c++2a -stdlib=libc++ -fmodules -c /Users/philipwenkel/Github/Modules_example_cmake/modules/module.cpp -Xclang -emit-module-interface -o /Users/philipwenkel/Github/Modules_example_cmake/xbuild/modules/module.pcm
fi
if test \"$CONFIGURATION\" = \"Release\"; then :
  cd /Users/philipwenkel/Github/Modules_example_cmake/xbuild
  /Applications/Xcode.app/Contents/Developer/Toolchains/XcodeDefault.xctoolchain/usr/bin/clang++ -std=c++2a -stdlib=libc++ -fmodules -c /Users/philipwenkel/Github/Modules_example_cmake/modules/module.cpp -Xclang -emit-module-interface -o /Users/philipwenkel/Github/Modules_example_cmake/xbuild/modules/module.pcm
fi
if test \"$CONFIGURATION\" = \"Kuk\"; then :
  cd /Users/philipwenkel/Github/Modules_example_cmake/xbuild
  /Applications/Xcode.app/Contents/Developer/Toolchains/XcodeDefault.xctoolchain/usr/bin/clang++ -std=c++2a -stdlib=libc++ -fmodules -c /Users/philipwenkel/Github/Modules_example_cmake/modules/module.cpp -Xclang -emit-module-interface -o /Users/philipwenkel/Github/Modules_example_cmake/xbuild/modules/module.pcm
fi
";
			showEnvVarsInLog = 0;
		};
		DEC22BA7F3972AB3C67E739D = {
			isa = PBXShellScriptBuildPhase;
			buildActionMask = 2147483647;
			files = (
			);
			inputPaths = (
			);
			outputPaths = (
			);
			runOnlyForDeploymentPostprocessing = 0;
			shellPath = /bin/sh;
			shellScript = "# shell script goes here
exit 0";
			showEnvVarsInLog = 0;
		};
/* End PBXShellScriptBuildPhase section */

/* Begin PBXSourcesBuildPhase section */
		94F7F42510BA4E3E8CDD0A21 /* Sources */ = {
			isa = PBXSourcesBuildPhase;
			buildActionMask = 2147483647;
			files = (
				A8E21544E1F0452DA1C4E41C /* /Users/philipwenkel/Github/Modules_example_cmake/main.cpp */,
				1EBDF25474C74919988F8C13 /* /Users/philipwenkel/Github/Modules_example_cmake/module.cpp */,
			);
			runOnlyForDeploymentPostprocessing = 0;
		};
/* End PBXSourcesBuildPhase section */

/* Begin PBXTargetDependency section */
		1B1FE190B7854E0398371D82 /* PBXTargetDependency */ = {
			isa = PBXTargetDependency;
			target = 18024C6880D04D23B1381134 /* module.pcm */;
			targetProxy = 21D5825B8F114633AEFC05E9 /* PBXContainerItemProxy */;
		};
		55FCFEF57806492182FB1AC6 /* PBXTargetDependency */ = {
			isa = PBXTargetDependency;
			target = C77393914A884C4F9A6BCECD /* main */;
			targetProxy = 012B82986C57436C81C3BFD3 /* PBXContainerItemProxy */;
		};
		66B22793DF274970ADC10693 /* PBXTargetDependency */ = {
			isa = PBXTargetDependency;
			target = 56E9C806B31E40C7BF671E26 /* ZERO_CHECK */;
			targetProxy = 9CE8F4995D1F466380444CE9 /* PBXContainerItemProxy */;
		};
		8EF7902813CC47ACB1DF4BCD /* PBXTargetDependency */ = {
			isa = PBXTargetDependency;
			target = 56E9C806B31E40C7BF671E26 /* ZERO_CHECK */;
			targetProxy = 5824F9559F8749A68ADA4656 /* PBXContainerItemProxy */;
		};
		D90FBDFE7D514200853A03FF /* PBXTargetDependency */ = {
			isa = PBXTargetDependency;
			target = 56E9C806B31E40C7BF671E26 /* ZERO_CHECK */;
			targetProxy = 4CA179C4D0A24AE197CD2D93 /* PBXContainerItemProxy */;
		};
/* End PBXTargetDependency section */

/* Begin XCBuildConfiguration section */
		0FC2230651054FBCB24FE2EF /* Debug */ = {
			isa = XCBuildConfiguration;
			buildSettings = {
				ARCHS = arm64;
				SDKROOT = /Applications/Xcode.app/Contents/Developer/Platforms/MacOSX.platform/Developer/SDKs/MacOSX11.3.sdk;
				SYMROOT = /Users/philipwenkel/Github/Modules_example_cmake/xbuild/build;
			};
			name = Debug;
		};
		3571E542EEFA458F93B150DA /* Debug */ = {
			isa = XCBuildConfiguration;
			buildSettings = {
				ARCHS = arm64;
				COMBINE_HIDPI_IMAGES = YES;
				GCC_GENERATE_DEBUGGING_SYMBOLS = YES;
				GCC_INLINES_ARE_PRIVATE_EXTERN = NO;
				GCC_OPTIMIZATION_LEVEL = 0;
				GCC_PREPROCESSOR_DEFINITIONS = ("'CMAKE_INTDIR=\"$(CONFIGURATION)$(EFFECTIVE_PLATFORM_NAME)\"'");
				GCC_SYMBOLS_PRIVATE_EXTERN = NO;
				INSTALL_PATH = "";
				ONLY_ACTIVE_ARCH = NO;
				OTHER_LDFLAGS = ("");
				OTHER_REZFLAGS = "";
				PRODUCT_NAME = ALL_BUILD;
				SECTORDER_FLAGS = "";
				SYMROOT = /Users/philipwenkel/Github/Modules_example_cmake/xbuild;
				USE_HEADERMAP = NO;
				WARNING_CFLAGS = ("$(inherited)");
			};
			name = Debug;
		};
		3CF4F0FC2A3C4CECA282AEB1 /* Kuk */ = {
			isa = XCBuildConfiguration;
			buildSettings = {
				ARCHS = arm64;
				COMBINE_HIDPI_IMAGES = YES;
				EXECUTABLE_PREFIX = "";
				EXECUTABLE_SUFFIX = "";
				GCC_GENERATE_DEBUGGING_SYMBOLS = NO;
				GCC_INLINES_ARE_PRIVATE_EXTERN = NO;
				GCC_OPTIMIZATION_LEVEL = 0;
				GCC_PREPROCESSOR_DEFINITIONS = ("'CMAKE_INTDIR=\"$(CONFIGURATION)$(EFFECTIVE_PLATFORM_NAME)\"'");
				GCC_SYMBOLS_PRIVATE_EXTERN = NO;
				INSTALL_PATH = "";
				ONLY_ACTIVE_ARCH = NO;
				OTHER_CPLUSPLUSFLAGS = "'-stdlib=libc++' '-std=c++2a' -fmodules -fbuiltin-module-map -fimplicit-module-maps '-fprebuilt-module-path=/Users/philipwenkel/Github/Modules_example_cmake/xbuild/modules' -emit-module-interface -fimplicit-modules '-std=c++2a' ";
				OTHER_LDFLAGS = ("-L/opt/homebrew/opt/openssl@1.1/lib -Wl,-search_paths_first -Wl,-headerpad_max_install_names");
				OTHER_REZFLAGS = "";
				PRODUCT_NAME = main;
				SECTORDER_FLAGS = "";
				SYMROOT = /Users/philipwenkel/Github/Modules_example_cmake/xbuild;
				USE_HEADERMAP = NO;
				WARNING_CFLAGS = ("$(inherited)");
			};
			name = Kuk;
		};
		62C327262868448EBEAC833D /* Kuk */ = {
			isa = XCBuildConfiguration;
			buildSettings = {
				ARCHS = arm64;
				COMBINE_HIDPI_IMAGES = YES;
				GCC_GENERATE_DEBUGGING_SYMBOLS = YES;
				GCC_INLINES_ARE_PRIVATE_EXTERN = NO;
				GCC_OPTIMIZATION_LEVEL = 0;
				GCC_PREPROCESSOR_DEFINITIONS = ("'CMAKE_INTDIR=\"$(CONFIGURATION)$(EFFECTIVE_PLATFORM_NAME)\"'");
				GCC_SYMBOLS_PRIVATE_EXTERN = NO;
				INSTALL_PATH = "";
				ONLY_ACTIVE_ARCH = NO;
				OTHER_LDFLAGS = ("");
				OTHER_REZFLAGS = "";
				PRODUCT_NAME = ALL_BUILD;
				SECTORDER_FLAGS = "";
				SYMROOT = /Users/philipwenkel/Github/Modules_example_cmake/xbuild;
				USE_HEADERMAP = NO;
				WARNING_CFLAGS = ("$(inherited)");
			};
			name = Kuk;
		};
		7375F7061AC04AC1A2574B70 /* Release */ = {
			isa = XCBuildConfiguration;
			buildSettings = {
				ARCHS = arm64;
				COMBINE_HIDPI_IMAGES = YES;
				EXECUTABLE_PREFIX = "";
				EXECUTABLE_SUFFIX = "";
				GCC_GENERATE_DEBUGGING_SYMBOLS = NO;
				GCC_INLINES_ARE_PRIVATE_EXTERN = NO;
				GCC_OPTIMIZATION_LEVEL = 3;
				GCC_PREPROCESSOR_DEFINITIONS = ("'CMAKE_INTDIR=\"$(CONFIGURATION)$(EFFECTIVE_PLATFORM_NAME)\"'");
				GCC_SYMBOLS_PRIVATE_EXTERN = NO;
				INSTALL_PATH = "";
				ONLY_ACTIVE_ARCH = NO;
				OTHER_CPLUSPLUSFLAGS = "    -DNDEBUG '-stdlib=libc++' '-std=c++2a' -fmodules -fbuiltin-module-map -fimplicit-module-maps '-fprebuilt-module-path=/Users/philipwenkel/Github/Modules_example_cmake/xbuild/modules' -emit-module-interface -fimplicit-modules '-std=c++2a' ";
				OTHER_LDFLAGS = ("-L/opt/homebrew/opt/openssl@1.1/lib -Wl,-search_paths_first -Wl,-headerpad_max_install_names");
				OTHER_REZFLAGS = "";
				PRODUCT_NAME = main;
				SECTORDER_FLAGS = "";
				SYMROOT = /Users/philipwenkel/Github/Modules_example_cmake/xbuild;
				USE_HEADERMAP = NO;
				WARNING_CFLAGS = ("$(inherited)");
			};
			name = Release;
		};
		8A7CB0D50674409AA1D41CE8 /* Debug */ = {
			isa = XCBuildConfiguration;
			buildSettings = {
				ARCHS = arm64;
				COMBINE_HIDPI_IMAGES = YES;
				GCC_GENERATE_DEBUGGING_SYMBOLS = YES;
				GCC_INLINES_ARE_PRIVATE_EXTERN = NO;
				GCC_OPTIMIZATION_LEVEL = 0;
				GCC_PREPROCESSOR_DEFINITIONS = ("'CMAKE_INTDIR=\"$(CONFIGURATION)$(EFFECTIVE_PLATFORM_NAME)\"'");
				GCC_SYMBOLS_PRIVATE_EXTERN = NO;
				INSTALL_PATH = "";
				ONLY_ACTIVE_ARCH = NO;
				OTHER_LDFLAGS = ("");
				OTHER_REZFLAGS = "";
				PRODUCT_NAME = module.pcm;
				SECTORDER_FLAGS = "";
				SYMROOT = /Users/philipwenkel/Github/Modules_example_cmake/xbuild;
				USE_HEADERMAP = NO;
				WARNING_CFLAGS = ("$(inherited)");
			};
			name = Debug;
		};
		8E7C7CD226EE42E28CAB35CF /* Release */ = {
			isa = XCBuildConfiguration;
			buildSettings = {
				ARCHS = arm64;
				COMBINE_HIDPI_IMAGES = YES;
				GCC_GENERATE_DEBUGGING_SYMBOLS = YES;
				GCC_INLINES_ARE_PRIVATE_EXTERN = NO;
				GCC_OPTIMIZATION_LEVEL = 0;
				GCC_PREPROCESSOR_DEFINITIONS = ("'CMAKE_INTDIR=\"$(CONFIGURATION)$(EFFECTIVE_PLATFORM_NAME)\"'");
				GCC_SYMBOLS_PRIVATE_EXTERN = NO;
				INSTALL_PATH = "";
				ONLY_ACTIVE_ARCH = NO;
				OTHER_LDFLAGS = ("");
				OTHER_REZFLAGS = "";
				PRODUCT_NAME = module.pcm;
				SECTORDER_FLAGS = "";
				SYMROOT = /Users/philipwenkel/Github/Modules_example_cmake/xbuild;
				USE_HEADERMAP = NO;
				WARNING_CFLAGS = ("$(inherited)");
			};
			name = Release;
		};
		94FBCE58A33C44509434E7A6 /* Kuk */ = {
			isa = XCBuildConfiguration;
			buildSettings = {
				ARCHS = arm64;
				SDKROOT = /Applications/Xcode.app/Contents/Developer/Platforms/MacOSX.platform/Developer/SDKs/MacOSX11.3.sdk;
				SYMROOT = /Users/philipwenkel/Github/Modules_example_cmake/xbuild/build;
			};
			name = Kuk;
		};
		972CC1F325D94F098EB54D2D /* Release */ = {
			isa = XCBuildConfiguration;
			buildSettings = {
				ARCHS = arm64;
				COMBINE_HIDPI_IMAGES = YES;
				GCC_GENERATE_DEBUGGING_SYMBOLS = YES;
				GCC_INLINES_ARE_PRIVATE_EXTERN = NO;
				GCC_OPTIMIZATION_LEVEL = 0;
				GCC_PREPROCESSOR_DEFINITIONS = ("'CMAKE_INTDIR=\"$(CONFIGURATION)$(EFFECTIVE_PLATFORM_NAME)\"'");
				GCC_SYMBOLS_PRIVATE_EXTERN = NO;
				INSTALL_PATH = "";
				ONLY_ACTIVE_ARCH = NO;
				OTHER_LDFLAGS = ("");
				OTHER_REZFLAGS = "";
				PRODUCT_NAME = ZERO_CHECK;
				SECTORDER_FLAGS = "";
				SYMROOT = /Users/philipwenkel/Github/Modules_example_cmake/xbuild;
				USE_HEADERMAP = NO;
				WARNING_CFLAGS = ("$(inherited)");
			};
			name = Release;
		};
		9E041CDE5BD043B29408C34A /* Debug */ = {
			isa = XCBuildConfiguration;
			buildSettings = {
				ARCHS = arm64;
				COMBINE_HIDPI_IMAGES = YES;
				GCC_GENERATE_DEBUGGING_SYMBOLS = YES;
				GCC_INLINES_ARE_PRIVATE_EXTERN = NO;
				GCC_OPTIMIZATION_LEVEL = 0;
				GCC_PREPROCESSOR_DEFINITIONS = ("'CMAKE_INTDIR=\"$(CONFIGURATION)$(EFFECTIVE_PLATFORM_NAME)\"'");
				GCC_SYMBOLS_PRIVATE_EXTERN = NO;
				INSTALL_PATH = "";
				ONLY_ACTIVE_ARCH = NO;
				OTHER_LDFLAGS = ("");
				OTHER_REZFLAGS = "";
				PRODUCT_NAME = ZERO_CHECK;
				SECTORDER_FLAGS = "";
				SYMROOT = /Users/philipwenkel/Github/Modules_example_cmake/xbuild;
				USE_HEADERMAP = NO;
				WARNING_CFLAGS = ("$(inherited)");
			};
			name = Debug;
		};
		AE0E63202EE34E75820F8DD5 /* Release */ = {
			isa = XCBuildConfiguration;
			buildSettings = {
				ARCHS = arm64;
				COMBINE_HIDPI_IMAGES = YES;
				GCC_GENERATE_DEBUGGING_SYMBOLS = YES;
				GCC_INLINES_ARE_PRIVATE_EXTERN = NO;
				GCC_OPTIMIZATION_LEVEL = 0;
				GCC_PREPROCESSOR_DEFINITIONS = ("'CMAKE_INTDIR=\"$(CONFIGURATION)$(EFFECTIVE_PLATFORM_NAME)\"'");
				GCC_SYMBOLS_PRIVATE_EXTERN = NO;
				INSTALL_PATH = "";
				ONLY_ACTIVE_ARCH = NO;
				OTHER_LDFLAGS = ("");
				OTHER_REZFLAGS = "";
				PRODUCT_NAME = ALL_BUILD;
				SECTORDER_FLAGS = "";
				SYMROOT = /Users/philipwenkel/Github/Modules_example_cmake/xbuild;
				USE_HEADERMAP = NO;
				WARNING_CFLAGS = ("$(inherited)");
			};
			name = Release;
		};
		BEC306E0419448DB9F160AB0 /* Kuk */ = {
			isa = XCBuildConfiguration;
			buildSettings = {
				ARCHS = arm64;
				COMBINE_HIDPI_IMAGES = YES;
				GCC_GENERATE_DEBUGGING_SYMBOLS = YES;
				GCC_INLINES_ARE_PRIVATE_EXTERN = NO;
				GCC_OPTIMIZATION_LEVEL = 0;
				GCC_PREPROCESSOR_DEFINITIONS = ("'CMAKE_INTDIR=\"$(CONFIGURATION)$(EFFECTIVE_PLATFORM_NAME)\"'");
				GCC_SYMBOLS_PRIVATE_EXTERN = NO;
				INSTALL_PATH = "";
				ONLY_ACTIVE_ARCH = NO;
				OTHER_LDFLAGS = ("");
				OTHER_REZFLAGS = "";
				PRODUCT_NAME = module.pcm;
				SECTORDER_FLAGS = "";
				SYMROOT = /Users/philipwenkel/Github/Modules_example_cmake/xbuild;
				USE_HEADERMAP = NO;
				WARNING_CFLAGS = ("$(inherited)");
			};
			name = Kuk;
		};
		DDAEBCF51DF14C1A9F080537 /* Debug */ = {
			isa = XCBuildConfiguration;
			buildSettings = {
				ARCHS = arm64;
				COMBINE_HIDPI_IMAGES = YES;
				EXECUTABLE_PREFIX = "";
				EXECUTABLE_SUFFIX = "";
				GCC_GENERATE_DEBUGGING_SYMBOLS = YES;
				GCC_INLINES_ARE_PRIVATE_EXTERN = NO;
				GCC_OPTIMIZATION_LEVEL = 0;
				GCC_PREPROCESSOR_DEFINITIONS = ("'CMAKE_INTDIR=\"$(CONFIGURATION)$(EFFECTIVE_PLATFORM_NAME)\"'");
				GCC_SYMBOLS_PRIVATE_EXTERN = NO;
				INSTALL_PATH = "";
				ONLY_ACTIVE_ARCH = NO;
				OTHER_CPLUSPLUSFLAGS = "   '-stdlib=libc++' '-std=c++2a' -fmodules -fbuiltin-module-map -fimplicit-module-maps '-fprebuilt-module-path=/Users/philipwenkel/Github/Modules_example_cmake/xbuild/modules' -emit-module-interface -fimplicit-modules '-std=c++2a' ";
				OTHER_LDFLAGS = ("-L/opt/homebrew/opt/openssl@1.1/lib -Wl,-search_paths_first -Wl,-headerpad_max_install_names");
				OTHER_REZFLAGS = "";
				PRODUCT_NAME = main;
				SECTORDER_FLAGS = "";
				SYMROOT = /Users/philipwenkel/Github/Modules_example_cmake/xbuild;
				USE_HEADERMAP = NO;
				WARNING_CFLAGS = ("$(inherited)");
			};
			name = Debug;
		};
		F7C974096DF14DA88DB8670A /* Kuk */ = {
			isa = XCBuildConfiguration;
			buildSettings = {
				ARCHS = arm64;
				COMBINE_HIDPI_IMAGES = YES;
				GCC_GENERATE_DEBUGGING_SYMBOLS = YES;
				GCC_INLINES_ARE_PRIVATE_EXTERN = NO;
				GCC_OPTIMIZATION_LEVEL = 0;
				GCC_PREPROCESSOR_DEFINITIONS = ("'CMAKE_INTDIR=\"$(CONFIGURATION)$(EFFECTIVE_PLATFORM_NAME)\"'");
				GCC_SYMBOLS_PRIVATE_EXTERN = NO;
				INSTALL_PATH = "";
				ONLY_ACTIVE_ARCH = NO;
				OTHER_LDFLAGS = ("");
				OTHER_REZFLAGS = "";
				PRODUCT_NAME = ZERO_CHECK;
				SECTORDER_FLAGS = "";
				SYMROOT = /Users/philipwenkel/Github/Modules_example_cmake/xbuild;
				USE_HEADERMAP = NO;
				WARNING_CFLAGS = ("$(inherited)");
			};
			name = Kuk;
		};
		F8BE74F0858D4007917720C3 /* Release */ = {
			isa = XCBuildConfiguration;
			buildSettings = {
				ARCHS = arm64;
				SDKROOT = /Applications/Xcode.app/Contents/Developer/Platforms/MacOSX.platform/Developer/SDKs/MacOSX11.3.sdk;
				SYMROOT = /Users/philipwenkel/Github/Modules_example_cmake/xbuild/build;
			};
			name = Release;
		};
/* End XCBuildConfiguration section */

/* Begin XCConfigurationList section */
		18AB2C422DDF49379C24130E /* Build configuration list for PBXAggregateTarget "ZERO_CHECK" */ = {
			isa = XCConfigurationList;
			buildConfigurations = (
				9E041CDE5BD043B29408C34A /* Debug */,
				972CC1F325D94F098EB54D2D /* Release */,
				F7C974096DF14DA88DB8670A /* Kuk */,
			);
			defaultConfigurationIsVisible = 0;
			defaultConfigurationName = Debug;
		};
		56340807051E4E33908C89F1 /* Build configuration list for PBXProject "main" */ = {
			isa = XCConfigurationList;
			buildConfigurations = (
				0FC2230651054FBCB24FE2EF /* Debug */,
				F8BE74F0858D4007917720C3 /* Release */,
				94FBCE58A33C44509434E7A6 /* Kuk */,
			);
			defaultConfigurationIsVisible = 0;
			defaultConfigurationName = Debug;
		};
		6EB18BF3A25D44019BF7E77F /* Build configuration list for PBXNativeTarget "main" */ = {
			isa = XCConfigurationList;
			buildConfigurations = (
				DDAEBCF51DF14C1A9F080537 /* Debug */,
				7375F7061AC04AC1A2574B70 /* Release */,
				3CF4F0FC2A3C4CECA282AEB1 /* Kuk */,
			);
			defaultConfigurationIsVisible = 0;
			defaultConfigurationName = Debug;
		};
		E856FEEDBF8F41D390A222C6 /* Build configuration list for PBXAggregateTarget "module.pcm" */ = {
			isa = XCConfigurationList;
			buildConfigurations = (
				8A7CB0D50674409AA1D41CE8 /* Debug */,
				8E7C7CD226EE42E28CAB35CF /* Release */,
				BEC306E0419448DB9F160AB0 /* Kuk */,
			);
			defaultConfigurationIsVisible = 0;
			defaultConfigurationName = Debug;
		};
		F5B96F6ED26F4CA1B623A199 /* Build configuration list for PBXAggregateTarget "ALL_BUILD" */ = {
			isa = XCConfigurationList;
			buildConfigurations = (
				3571E542EEFA458F93B150DA /* Debug */,
				AE0E63202EE34E75820F8DD5 /* Release */,
				62C327262868448EBEAC833D /* Kuk */,
			);
			defaultConfigurationIsVisible = 0;
			defaultConfigurationName = Debug;
		};
/* End XCConfigurationList section */
	};
	rootObject = DED1B58FB6764E08B9E35FB5 /* Project object */;
}
