// !$*UTF8*$!
{
	archiveVersion = 1;
	classes = {
	};
	objectVersion = 46;
	objects = {

/* Begin PBXAggregateTarget section */
		63635EA39DC0475486196472 /* speech.pcm */ = {
			isa = PBXAggregateTarget;
			buildConfigurationList = FC43489A69C54E64ABD97B4E /* Build configuration list for PBXAggregateTarget "speech.pcm" */;
			buildPhases = (
				0EE2EFEECF1289F56865B681 /* Generate CMakeFiles/speech.pcm */,
			);
			dependencies = (
				0A42A2AC3CCB4C569CB6D693 /* PBXTargetDependency */,
			);
			name = speech.pcm;
			productName = speech.pcm;
		};
		7F3AA283D08D4DBBA2477B8A /* ZERO_CHECK */ = {
			isa = PBXAggregateTarget;
			buildConfigurationList = 0A708A69902644209CF3721F /* Build configuration list for PBXAggregateTarget "ZERO_CHECK" */;
			buildPhases = (
				4CE3655BE9907AE2760F5D71 /* Generate CMakeFiles/ZERO_CHECK */,
			);
			dependencies = (
			);
			name = ZERO_CHECK;
			productName = ZERO_CHECK;
		};
		AA4846FC6FCA4E96B969FCB8 /* ALL_BUILD */ = {
			isa = PBXAggregateTarget;
			buildConfigurationList = 74FCFE9BB0BC4DA49ABD3900 /* Build configuration list for PBXAggregateTarget "ALL_BUILD" */;
			buildPhases = (
				824D5529A8D91F700A55CCA9 /* Generate CMakeFiles/ALL_BUILD */,
			);
			dependencies = (
				42968FA493DA4081BFD16AAB /* PBXTargetDependency */,
				88A0826490BF4091BFE9C851 /* PBXTargetDependency */,
			);
			name = ALL_BUILD;
			productName = ALL_BUILD;
		};
		C09CF767E95A4E409476FD13 /* helloworld.pcm */ = {
			isa = PBXAggregateTarget;
			buildConfigurationList = 953151B758F14498B0EB4901 /* Build configuration list for PBXAggregateTarget "helloworld.pcm" */;
			buildPhases = (
				9596959FA3FBE796723FEE9F /* Generate CMakeFiles/helloworld.pcm */,
			);
			dependencies = (
				E4E46152D2194F5EA8E520A5 /* PBXTargetDependency */,
			);
			name = helloworld.pcm;
			productName = helloworld.pcm;
		};
/* End PBXAggregateTarget section */

/* Begin PBXBuildFile section */
		134B1B7D66CC48B08418C260 /* /Users/philipwenkel/Github/Modules_example_cmake/main.cpp */ = {isa = PBXBuildFile; fileRef = E68CA555F5F345D9BE3D595A /* /Users/philipwenkel/Github/Modules_example_cmake/main.cpp */; };
		3F5FA0C786AF494DA4197B34 /* /Users/philipwenkel/Github/Modules_example_cmake/modules/helloworld.cpp */ = {isa = PBXBuildFile; fileRef = 6A19064044CD4D7691F80804 /* /Users/philipwenkel/Github/Modules_example_cmake/modules/helloworld.cpp */; };
		994E428CFD6C4261BD59BCBA /* /Users/philipwenkel/Github/Modules_example_cmake/modules/speech.cpp */ = {isa = PBXBuildFile; fileRef = F77F792BD05A4D22A86283D3 /* /Users/philipwenkel/Github/Modules_example_cmake/modules/speech.cpp */; };
		F0BD6540C94948B88569DA3E /* /Users/philipwenkel/Github/Modules_example_cmake/CMakeLists.txt */ = {isa = PBXBuildFile; fileRef = A4F431E418E8460E8E76778C /* /Users/philipwenkel/Github/Modules_example_cmake/CMakeLists.txt */; };
/* End PBXBuildFile section */

/* Begin PBXBuildStyle section */
		37A2A416293342758BCE9BCE /* Debug */ = {
			isa = PBXBuildStyle;
			buildSettings = {
				COPY_PHASE_STRIP = NO;
			};
			name = Debug;
		};
		45742A3010A54005865558A3 /* Kuk */ = {
			isa = PBXBuildStyle;
			buildSettings = {
				COPY_PHASE_STRIP = NO;
			};
			name = Kuk;
		};
		7D69A8CC5E7A48FDB24A83D3 /* Release */ = {
			isa = PBXBuildStyle;
			buildSettings = {
				COPY_PHASE_STRIP = NO;
			};
			name = Release;
		};
/* End PBXBuildStyle section */

/* Begin PBXContainerItemProxy section */
		42F8F5B962B0459EB614AD97 /* PBXContainerItemProxy */ = {
			isa = PBXContainerItemProxy;
			containerPortal = 971F48B899DD4AFE8E8931D2 /* Project object */;
			proxyType = 1;
			remoteGlobalIDString = 4051EF7F55CA4C54919984DA;
			remoteInfo = main;
		};
		54683E87FD8946AEB65F67BB /* PBXContainerItemProxy */ = {
			isa = PBXContainerItemProxy;
			containerPortal = 971F48B899DD4AFE8E8931D2 /* Project object */;
			proxyType = 1;
			remoteGlobalIDString = 7F3AA283D08D4DBBA2477B8A;
			remoteInfo = ZERO_CHECK;
		};
		74C85EE2A0BF42B8BA68C4EC /* PBXContainerItemProxy */ = {
			isa = PBXContainerItemProxy;
			containerPortal = 971F48B899DD4AFE8E8931D2 /* Project object */;
			proxyType = 1;
			remoteGlobalIDString = 63635EA39DC0475486196472;
			remoteInfo = speech.pcm;
		};
		95D7467D73DE4A9A9A1971A1 /* PBXContainerItemProxy */ = {
			isa = PBXContainerItemProxy;
			containerPortal = 971F48B899DD4AFE8E8931D2 /* Project object */;
			proxyType = 1;
			remoteGlobalIDString = 7F3AA283D08D4DBBA2477B8A;
			remoteInfo = ZERO_CHECK;
		};
		A7603A1452764D7498CE1663 /* PBXContainerItemProxy */ = {
			isa = PBXContainerItemProxy;
			containerPortal = 971F48B899DD4AFE8E8931D2 /* Project object */;
			proxyType = 1;
			remoteGlobalIDString = 7F3AA283D08D4DBBA2477B8A;
			remoteInfo = ZERO_CHECK;
		};
		B27FA78D1692448E8ADEAC1C /* PBXContainerItemProxy */ = {
			isa = PBXContainerItemProxy;
			containerPortal = 971F48B899DD4AFE8E8931D2 /* Project object */;
			proxyType = 1;
			remoteGlobalIDString = C09CF767E95A4E409476FD13;
			remoteInfo = helloworld.pcm;
		};
		E2FA50878E754A308EA06589 /* PBXContainerItemProxy */ = {
			isa = PBXContainerItemProxy;
			containerPortal = 971F48B899DD4AFE8E8931D2 /* Project object */;
			proxyType = 1;
			remoteGlobalIDString = 7F3AA283D08D4DBBA2477B8A;
			remoteInfo = ZERO_CHECK;
		};
/* End PBXContainerItemProxy section */

/* Begin PBXFileReference section */
		2E5F866761F4436CB752832F /* /Users/philipwenkel/Github/Modules_example_cmake/CMakeLists.txt */ = {isa = PBXFileReference; explicitFileType = sourcecode.text; fileEncoding = 4; name = CMakeLists.txt; path = CMakeLists.txt; sourceTree = SOURCE_ROOT; };
		5A8B75552D7D4733882C9413 /* main */ = {isa = PBXFileReference; explicitFileType = "compiled.mach-o.executable"; path = main; sourceTree = BUILT_PRODUCTS_DIR; };
		6A19064044CD4D7691F80804 /* /Users/philipwenkel/Github/Modules_example_cmake/modules/helloworld.cpp */ = {isa = PBXFileReference; explicitFileType = sourcecode.cpp.cpp; fileEncoding = 4; name = helloworld.cpp; path = modules/helloworld.cpp; sourceTree = SOURCE_ROOT; };
		6F67C2689ECA4BF7974F299C /* /Users/philipwenkel/Github/Modules_example_cmake/CMakeLists.txt */ = {isa = PBXFileReference; explicitFileType = sourcecode.text; fileEncoding = 4; name = CMakeLists.txt; path = CMakeLists.txt; sourceTree = SOURCE_ROOT; };
		8153D09A10E043D9BCF6B22D /* /Users/philipwenkel/Github/Modules_example_cmake/CMakeLists.txt */ = {isa = PBXFileReference; explicitFileType = sourcecode.text; fileEncoding = 4; name = CMakeLists.txt; path = CMakeLists.txt; sourceTree = SOURCE_ROOT; };
		A4F431E418E8460E8E76778C /* /Users/philipwenkel/Github/Modules_example_cmake/CMakeLists.txt */ = {isa = PBXFileReference; explicitFileType = sourcecode.text; fileEncoding = 4; name = CMakeLists.txt; path = CMakeLists.txt; sourceTree = SOURCE_ROOT; };
		E68CA555F5F345D9BE3D595A /* /Users/philipwenkel/Github/Modules_example_cmake/main.cpp */ = {isa = PBXFileReference; explicitFileType = sourcecode.cpp.cpp; fileEncoding = 4; name = main.cpp; path = main.cpp; sourceTree = SOURCE_ROOT; };
		F77F792BD05A4D22A86283D3 /* /Users/philipwenkel/Github/Modules_example_cmake/modules/speech.cpp */ = {isa = PBXFileReference; explicitFileType = sourcecode.cpp.cpp; fileEncoding = 4; name = speech.cpp; path = modules/speech.cpp; sourceTree = SOURCE_ROOT; };
/* End PBXFileReference section */

/* Begin PBXFrameworksBuildPhase section */
		B2E2DFEADB934790B990ED77 /* Frameworks */ = {
			isa = PBXFrameworksBuildPhase;
			buildActionMask = 2147483647;
			files = (
			);
			runOnlyForDeploymentPostprocessing = 0;
		};
/* End PBXFrameworksBuildPhase section */

/* Begin PBXGroup section */
		11170DA932ED4A8AB45D7940 /* main */ = {
			isa = PBXGroup;
			children = (
				E727FFA9F2994E8695AD3AB0 /* Source Files */,
				A4F431E418E8460E8E76778C /* /Users/philipwenkel/Github/Modules_example_cmake/CMakeLists.txt */,
			);
			name = main;
			sourceTree = "<group>";
		};
		25BD1FD6B7E84995A47D4C0E /* Products */ = {
			isa = PBXGroup;
			children = (
				5A8B75552D7D4733882C9413 /* main */,
			);
			name = Products;
			sourceTree = "<group>";
		};
		3916819F7B2141F480B2001C /* CMake Rules */ = {
			isa = PBXGroup;
			children = (
			);
			name = "CMake Rules";
			sourceTree = "<group>";
		};
		3B253BD98203454F85FA8BAD /* helloworld.pcm */ = {
			isa = PBXGroup;
			children = (
				54D46652E0CF4D6B868CBA5D /* CMake Rules */,
				6F67C2689ECA4BF7974F299C /* /Users/philipwenkel/Github/Modules_example_cmake/CMakeLists.txt */,
			);
			name = helloworld.pcm;
			sourceTree = "<group>";
		};
		3C8C4623166C469FA2C6DA5A = {
			isa = PBXGroup;
			children = (
				4B04C93A41564F6AA82DF061 /* speech.pcm */,
				3B253BD98203454F85FA8BAD /* helloworld.pcm */,
				11170DA932ED4A8AB45D7940 /* main */,
				8F9C2AE03B0B42C19DA25127 /* ALL_BUILD */,
				25BD1FD6B7E84995A47D4C0E /* Products */,
				B7B8760C4E684365AD465743 /* Frameworks */,
			);
			sourceTree = "<group>";
		};
		4B04C93A41564F6AA82DF061 /* speech.pcm */ = {
			isa = PBXGroup;
			children = (
				3916819F7B2141F480B2001C /* CMake Rules */,
				8153D09A10E043D9BCF6B22D /* /Users/philipwenkel/Github/Modules_example_cmake/CMakeLists.txt */,
			);
			name = speech.pcm;
			sourceTree = "<group>";
		};
		54D46652E0CF4D6B868CBA5D /* CMake Rules */ = {
			isa = PBXGroup;
			children = (
			);
			name = "CMake Rules";
			sourceTree = "<group>";
		};
		8F9C2AE03B0B42C19DA25127 /* ALL_BUILD */ = {
			isa = PBXGroup;
			children = (
				D902FB15F4B94472894CB56C /* CMake Rules */,
				2E5F866761F4436CB752832F /* /Users/philipwenkel/Github/Modules_example_cmake/CMakeLists.txt */,
			);
			name = ALL_BUILD;
			sourceTree = "<group>";
		};
		B7B8760C4E684365AD465743 /* Frameworks */ = {
			isa = PBXGroup;
			children = (
			);
			name = Frameworks;
			sourceTree = "<group>";
		};
		D902FB15F4B94472894CB56C /* CMake Rules */ = {
			isa = PBXGroup;
			children = (
			);
			name = "CMake Rules";
			sourceTree = "<group>";
		};
		E727FFA9F2994E8695AD3AB0 /* Source Files */ = {
			isa = PBXGroup;
			children = (
				E68CA555F5F345D9BE3D595A /* /Users/philipwenkel/Github/Modules_example_cmake/main.cpp */,
				6A19064044CD4D7691F80804 /* /Users/philipwenkel/Github/Modules_example_cmake/modules/helloworld.cpp */,
				F77F792BD05A4D22A86283D3 /* /Users/philipwenkel/Github/Modules_example_cmake/modules/speech.cpp */,
			);
			name = "Source Files";
			sourceTree = "<group>";
		};
/* End PBXGroup section */

/* Begin PBXNativeTarget section */
		4051EF7F55CA4C54919984DA /* main */ = {
			isa = PBXNativeTarget;
			buildConfigurationList = 8C04E4FC92544C1F84F89707 /* Build configuration list for PBXNativeTarget "main" */;
			buildPhases = (
				CA0827B5FA564D5481541BCE /* Sources */,
				B2E2DFEADB934790B990ED77 /* Frameworks */,
			);
			buildRules = (
			);
			dependencies = (
				B88C5C1969ED45A8A00937EE /* PBXTargetDependency */,
				75DF93E17C204E158AD6D51F /* PBXTargetDependency */,
				0DC024FDFE6844DE82366BD7 /* PBXTargetDependency */,
			);
			name = main;
			productName = main;
			productReference = 5A8B75552D7D4733882C9413 /* main */;
			productType = "com.apple.product-type.tool";
		};
/* End PBXNativeTarget section */

/* Begin PBXProject section */
		971F48B899DD4AFE8E8931D2 /* Project object */ = {
			isa = PBXProject;
			attributes = {
				BuildIndependentTargetsInParallel = YES;
				LastUpgradeCheck = 1250;
			};
			buildConfigurationList = BEFDF9067DF74A958ED2CA24 /* Build configuration list for PBXProject "main" */;
			buildSettings = {
			};
			buildStyles = (
				37A2A416293342758BCE9BCE /* Debug */,
				7D69A8CC5E7A48FDB24A83D3 /* Release */,
				45742A3010A54005865558A3 /* Kuk */,
			);
			compatibilityVersion = "Xcode 3.2";
			hasScannedForEncodings = 0;
			mainGroup = 3C8C4623166C469FA2C6DA5A;
			projectDirPath = ../;
			projectRoot = "";
			targets = (
				AA4846FC6FCA4E96B969FCB8 /* ALL_BUILD */,
				7F3AA283D08D4DBBA2477B8A /* ZERO_CHECK */,
				C09CF767E95A4E409476FD13 /* helloworld.pcm */,
				4051EF7F55CA4C54919984DA /* main */,
				63635EA39DC0475486196472 /* speech.pcm */,
			);
		};
/* End PBXProject section */

/* Begin PBXShellScriptBuildPhase section */
		0CB33C3031D8384DE6C7EBBE = {
			isa = PBXShellScriptBuildPhase;
			buildActionMask = 2147483647;
			files = (
			);
			inputPaths = (
			);
			outputPaths = (
			);
			runOnlyForDeploymentPostprocessing = 0;
			shellPath = /bin/sh;
			shellScript = "# shell script goes here
exit 0";
			showEnvVarsInLog = 0;
		};
		0EE2EFEECF1289F56865B681 /* Generate CMakeFiles/speech.pcm */ = {
			isa = PBXShellScriptBuildPhase;
			alwaysOutOfDate = 1;
			buildActionMask = 2147483647;
			files = (
			);
			inputPaths = (
			);
			name = "Generate CMakeFiles/speech.pcm";
			outputPaths = (
/Users/philipwenkel/Github/Modules_example_cmake/xbuild/CMakeFiles/speech.pcm			);
			runOnlyForDeploymentPostprocessing = 0;
			shellPath = /bin/sh;
			shellScript = "set -e
if test \"$CONFIGURATION\" = \"Debug\"; then :
  cd /Users/philipwenkel/Github/Modules_example_cmake/xbuild
  /Applications/Xcode.app/Contents/Developer/Toolchains/XcodeDefault.xctoolchain/usr/bin/clang++ -std=c++2a -stdlib=libc++ -fmodules -c /Users/philipwenkel/Github/Modules_example_cmake/modules/speech.cpp -Xclang -emit-module-interface -o /Users/philipwenkel/Github/Modules_example_cmake/xbuild/modules/speech.pcm
fi
if test \"$CONFIGURATION\" = \"Release\"; then :
  cd /Users/philipwenkel/Github/Modules_example_cmake/xbuild
  /Applications/Xcode.app/Contents/Developer/Toolchains/XcodeDefault.xctoolchain/usr/bin/clang++ -std=c++2a -stdlib=libc++ -fmodules -c /Users/philipwenkel/Github/Modules_example_cmake/modules/speech.cpp -Xclang -emit-module-interface -o /Users/philipwenkel/Github/Modules_example_cmake/xbuild/modules/speech.pcm
fi
if test \"$CONFIGURATION\" = \"Kuk\"; then :
  cd /Users/philipwenkel/Github/Modules_example_cmake/xbuild
  /Applications/Xcode.app/Contents/Developer/Toolchains/XcodeDefault.xctoolchain/usr/bin/clang++ -std=c++2a -stdlib=libc++ -fmodules -c /Users/philipwenkel/Github/Modules_example_cmake/modules/speech.cpp -Xclang -emit-module-interface -o /Users/philipwenkel/Github/Modules_example_cmake/xbuild/modules/speech.pcm
fi
";
			showEnvVarsInLog = 0;
		};
		1C2771C1F2EDEE9745968C53 = {
			isa = PBXShellScriptBuildPhase;
			buildActionMask = 2147483647;
			files = (
			);
			inputPaths = (
			);
			outputPaths = (
			);
			runOnlyForDeploymentPostprocessing = 0;
			shellPath = /bin/sh;
			shellScript = "# shell script goes here
exit 0";
			showEnvVarsInLog = 0;
		};
		3C0110FC8322DE7E50886E21 = {
			isa = PBXShellScriptBuildPhase;
			buildActionMask = 2147483647;
			files = (
			);
			inputPaths = (
			);
			outputPaths = (
			);
			runOnlyForDeploymentPostprocessing = 0;
			shellPath = /bin/sh;
			shellScript = "# shell script goes here
exit 0";
			showEnvVarsInLog = 0;
		};
		4CE3655BE9907AE2760F5D71 /* Generate CMakeFiles/ZERO_CHECK */ = {
			isa = PBXShellScriptBuildPhase;
			alwaysOutOfDate = 1;
			buildActionMask = 2147483647;
			files = (
			);
			inputPaths = (
			);
			name = "Generate CMakeFiles/ZERO_CHECK";
			outputPaths = (
/Users/philipwenkel/Github/Modules_example_cmake/xbuild/CMakeFiles/ZERO_CHECK			);
			runOnlyForDeploymentPostprocessing = 0;
			shellPath = /bin/sh;
			shellScript = "set -e
if test \"$CONFIGURATION\" = \"Debug\"; then :
  cd /Users/philipwenkel/Github/Modules_example_cmake/xbuild
  make -f /Users/philipwenkel/Github/Modules_example_cmake/xbuild/CMakeScripts/ReRunCMake.make
fi
if test \"$CONFIGURATION\" = \"Release\"; then :
  cd /Users/philipwenkel/Github/Modules_example_cmake/xbuild
  make -f /Users/philipwenkel/Github/Modules_example_cmake/xbuild/CMakeScripts/ReRunCMake.make
fi
if test \"$CONFIGURATION\" = \"Kuk\"; then :
  cd /Users/philipwenkel/Github/Modules_example_cmake/xbuild
  make -f /Users/philipwenkel/Github/Modules_example_cmake/xbuild/CMakeScripts/ReRunCMake.make
fi
";
			showEnvVarsInLog = 0;
		};
		824D5529A8D91F700A55CCA9 /* Generate CMakeFiles/ALL_BUILD */ = {
			isa = PBXShellScriptBuildPhase;
			alwaysOutOfDate = 1;
			buildActionMask = 2147483647;
			files = (
			);
			inputPaths = (
			);
			name = "Generate CMakeFiles/ALL_BUILD";
			outputPaths = (
/Users/philipwenkel/Github/Modules_example_cmake/xbuild/CMakeFiles/ALL_BUILD			);
			runOnlyForDeploymentPostprocessing = 0;
			shellPath = /bin/sh;
			shellScript = "set -e
if test \"$CONFIGURATION\" = \"Debug\"; then :
  cd /Users/philipwenkel/Github/Modules_example_cmake/xbuild
  echo Build\\ all\\ projects
fi
if test \"$CONFIGURATION\" = \"Release\"; then :
  cd /Users/philipwenkel/Github/Modules_example_cmake/xbuild
  echo Build\\ all\\ projects
fi
if test \"$CONFIGURATION\" = \"Kuk\"; then :
  cd /Users/philipwenkel/Github/Modules_example_cmake/xbuild
  echo Build\\ all\\ projects
fi
";
			showEnvVarsInLog = 0;
		};
		9596959FA3FBE796723FEE9F /* Generate CMakeFiles/helloworld.pcm */ = {
			isa = PBXShellScriptBuildPhase;
			alwaysOutOfDate = 1;
			buildActionMask = 2147483647;
			files = (
			);
			inputPaths = (
			);
			name = "Generate CMakeFiles/helloworld.pcm";
			outputPaths = (
/Users/philipwenkel/Github/Modules_example_cmake/xbuild/CMakeFiles/helloworld.pcm			);
			runOnlyForDeploymentPostprocessing = 0;
			shellPath = /bin/sh;
			shellScript = "set -e
if test \"$CONFIGURATION\" = \"Debug\"; then :
  cd /Users/philipwenkel/Github/Modules_example_cmake/xbuild
  /Applications/Xcode.app/Contents/Developer/Toolchains/XcodeDefault.xctoolchain/usr/bin/clang++ -std=c++2a -stdlib=libc++ -fmodules -c /Users/philipwenkel/Github/Modules_example_cmake/modules/helloworld.cpp -Xclang -emit-module-interface -o /Users/philipwenkel/Github/Modules_example_cmake/xbuild/modules/helloworld.pcm
fi
if test \"$CONFIGURATION\" = \"Release\"; then :
  cd /Users/philipwenkel/Github/Modules_example_cmake/xbuild
  /Applications/Xcode.app/Contents/Developer/Toolchains/XcodeDefault.xctoolchain/usr/bin/clang++ -std=c++2a -stdlib=libc++ -fmodules -c /Users/philipwenkel/Github/Modules_example_cmake/modules/helloworld.cpp -Xclang -emit-module-interface -o /Users/philipwenkel/Github/Modules_example_cmake/xbuild/modules/helloworld.pcm
fi
if test \"$CONFIGURATION\" = \"Kuk\"; then :
  cd /Users/philipwenkel/Github/Modules_example_cmake/xbuild
  /Applications/Xcode.app/Contents/Developer/Toolchains/XcodeDefault.xctoolchain/usr/bin/clang++ -std=c++2a -stdlib=libc++ -fmodules -c /Users/philipwenkel/Github/Modules_example_cmake/modules/helloworld.cpp -Xclang -emit-module-interface -o /Users/philipwenkel/Github/Modules_example_cmake/xbuild/modules/helloworld.pcm
fi
";
			showEnvVarsInLog = 0;
		};
		9B50530E35CC49C82C2FACCF = {
			isa = PBXShellScriptBuildPhase;
			buildActionMask = 2147483647;
			files = (
			);
			inputPaths = (
			);
			outputPaths = (
			);
			runOnlyForDeploymentPostprocessing = 0;
			shellPath = /bin/sh;
			shellScript = "# shell script goes here
exit 0";
			showEnvVarsInLog = 0;
		};
/* End PBXShellScriptBuildPhase section */

/* Begin PBXSourcesBuildPhase section */
		CA0827B5FA564D5481541BCE /* Sources */ = {
			isa = PBXSourcesBuildPhase;
			buildActionMask = 2147483647;
			files = (
				134B1B7D66CC48B08418C260 /* /Users/philipwenkel/Github/Modules_example_cmake/main.cpp */,
				3F5FA0C786AF494DA4197B34 /* /Users/philipwenkel/Github/Modules_example_cmake/modules/helloworld.cpp */,
				994E428CFD6C4261BD59BCBA /* /Users/philipwenkel/Github/Modules_example_cmake/modules/speech.cpp */,
			);
			runOnlyForDeploymentPostprocessing = 0;
		};
/* End PBXSourcesBuildPhase section */

/* Begin PBXTargetDependency section */
		0A42A2AC3CCB4C569CB6D693 /* PBXTargetDependency */ = {
			isa = PBXTargetDependency;
			target = 7F3AA283D08D4DBBA2477B8A /* ZERO_CHECK */;
			targetProxy = 54683E87FD8946AEB65F67BB /* PBXContainerItemProxy */;
		};
		0DC024FDFE6844DE82366BD7 /* PBXTargetDependency */ = {
			isa = PBXTargetDependency;
			target = 7F3AA283D08D4DBBA2477B8A /* ZERO_CHECK */;
			targetProxy = A7603A1452764D7498CE1663 /* PBXContainerItemProxy */;
		};
		42968FA493DA4081BFD16AAB /* PBXTargetDependency */ = {
			isa = PBXTargetDependency;
			target = 4051EF7F55CA4C54919984DA /* main */;
			targetProxy = 42F8F5B962B0459EB614AD97 /* PBXContainerItemProxy */;
		};
		75DF93E17C204E158AD6D51F /* PBXTargetDependency */ = {
			isa = PBXTargetDependency;
			target = C09CF767E95A4E409476FD13 /* helloworld.pcm */;
			targetProxy = B27FA78D1692448E8ADEAC1C /* PBXContainerItemProxy */;
		};
		88A0826490BF4091BFE9C851 /* PBXTargetDependency */ = {
			isa = PBXTargetDependency;
			target = 7F3AA283D08D4DBBA2477B8A /* ZERO_CHECK */;
			targetProxy = 95D7467D73DE4A9A9A1971A1 /* PBXContainerItemProxy */;
		};
		B88C5C1969ED45A8A00937EE /* PBXTargetDependency */ = {
			isa = PBXTargetDependency;
			target = 63635EA39DC0475486196472 /* speech.pcm */;
			targetProxy = 74C85EE2A0BF42B8BA68C4EC /* PBXContainerItemProxy */;
		};
		E4E46152D2194F5EA8E520A5 /* PBXTargetDependency */ = {
			isa = PBXTargetDependency;
			target = 7F3AA283D08D4DBBA2477B8A /* ZERO_CHECK */;
			targetProxy = E2FA50878E754A308EA06589 /* PBXContainerItemProxy */;
		};
/* End PBXTargetDependency section */

/* Begin XCBuildConfiguration section */
		092E6C799D484F13B7A35F4C /* Release */ = {
			isa = XCBuildConfiguration;
			buildSettings = {
				ARCHS = arm64;
				COMBINE_HIDPI_IMAGES = YES;
				GCC_GENERATE_DEBUGGING_SYMBOLS = YES;
				GCC_INLINES_ARE_PRIVATE_EXTERN = NO;
				GCC_OPTIMIZATION_LEVEL = 0;
				GCC_PREPROCESSOR_DEFINITIONS = ("'CMAKE_INTDIR=\"$(CONFIGURATION)$(EFFECTIVE_PLATFORM_NAME)\"'");
				GCC_SYMBOLS_PRIVATE_EXTERN = NO;
				INSTALL_PATH = "";
				ONLY_ACTIVE_ARCH = NO;
				OTHER_LDFLAGS = ("");
				OTHER_REZFLAGS = "";
				PRODUCT_NAME = helloworld.pcm;
				SECTORDER_FLAGS = "";
				SYMROOT = /Users/philipwenkel/Github/Modules_example_cmake/xbuild;
				USE_HEADERMAP = NO;
				WARNING_CFLAGS = ("$(inherited)");
			};
			name = Release;
		};
		0D1B63B6400D45F381D3F277 /* Debug */ = {
			isa = XCBuildConfiguration;
			buildSettings = {
				ARCHS = arm64;
				COMBINE_HIDPI_IMAGES = YES;
				EXECUTABLE_PREFIX = "";
				EXECUTABLE_SUFFIX = "";
				GCC_GENERATE_DEBUGGING_SYMBOLS = YES;
				GCC_INLINES_ARE_PRIVATE_EXTERN = NO;
				GCC_OPTIMIZATION_LEVEL = 0;
				GCC_PREPROCESSOR_DEFINITIONS = ("'CMAKE_INTDIR=\"$(CONFIGURATION)$(EFFECTIVE_PLATFORM_NAME)\"'");
				GCC_SYMBOLS_PRIVATE_EXTERN = NO;
				INSTALL_PATH = "";
				ONLY_ACTIVE_ARCH = NO;
				OTHER_CPLUSPLUSFLAGS = "   -fmodules '-stdlib=libc++' -fbuiltin-module-map -fimplicit-module-maps '-fprebuilt-module-path=/Users/philipwenkel/Github/Modules_example_cmake/xbuild/modules' '-std=c++2a' ";
				OTHER_LDFLAGS = ("-L/opt/homebrew/opt/openssl@1.1/lib -Wl,-search_paths_first -Wl,-headerpad_max_install_names");
				OTHER_REZFLAGS = "";
				PRODUCT_NAME = main;
				SECTORDER_FLAGS = "";
				SYMROOT = /Users/philipwenkel/Github/Modules_example_cmake/xbuild;
				USE_HEADERMAP = NO;
				WARNING_CFLAGS = ("$(inherited)");
			};
			name = Debug;
		};
		19BCE68677B54C61B9498230 /* Kuk */ = {
			isa = XCBuildConfiguration;
			buildSettings = {
				ARCHS = arm64;
				COMBINE_HIDPI_IMAGES = YES;
				EXECUTABLE_PREFIX = "";
				EXECUTABLE_SUFFIX = "";
				GCC_GENERATE_DEBUGGING_SYMBOLS = NO;
				GCC_INLINES_ARE_PRIVATE_EXTERN = NO;
				GCC_OPTIMIZATION_LEVEL = 0;
				GCC_PREPROCESSOR_DEFINITIONS = ("'CMAKE_INTDIR=\"$(CONFIGURATION)$(EFFECTIVE_PLATFORM_NAME)\"'");
				GCC_SYMBOLS_PRIVATE_EXTERN = NO;
				INSTALL_PATH = "";
				ONLY_ACTIVE_ARCH = NO;
				OTHER_CPLUSPLUSFLAGS = "-fmodules '-stdlib=libc++' -fbuiltin-module-map -fimplicit-module-maps '-fprebuilt-module-path=/Users/philipwenkel/Github/Modules_example_cmake/xbuild/modules' '-std=c++2a' ";
				OTHER_LDFLAGS = ("-L/opt/homebrew/opt/openssl@1.1/lib -Wl,-search_paths_first -Wl,-headerpad_max_install_names");
				OTHER_REZFLAGS = "";
				PRODUCT_NAME = main;
				SECTORDER_FLAGS = "";
				SYMROOT = /Users/philipwenkel/Github/Modules_example_cmake/xbuild;
				USE_HEADERMAP = NO;
				WARNING_CFLAGS = ("$(inherited)");
			};
			name = Kuk;
		};
		1B139129F92C47329353330B /* Kuk */ = {
			isa = XCBuildConfiguration;
			buildSettings = {
				ARCHS = arm64;
				COMBINE_HIDPI_IMAGES = YES;
				GCC_GENERATE_DEBUGGING_SYMBOLS = YES;
				GCC_INLINES_ARE_PRIVATE_EXTERN = NO;
				GCC_OPTIMIZATION_LEVEL = 0;
				GCC_PREPROCESSOR_DEFINITIONS = ("'CMAKE_INTDIR=\"$(CONFIGURATION)$(EFFECTIVE_PLATFORM_NAME)\"'");
				GCC_SYMBOLS_PRIVATE_EXTERN = NO;
				INSTALL_PATH = "";
				ONLY_ACTIVE_ARCH = NO;
				OTHER_LDFLAGS = ("");
				OTHER_REZFLAGS = "";
				PRODUCT_NAME = helloworld.pcm;
				SECTORDER_FLAGS = "";
				SYMROOT = /Users/philipwenkel/Github/Modules_example_cmake/xbuild;
				USE_HEADERMAP = NO;
				WARNING_CFLAGS = ("$(inherited)");
			};
			name = Kuk;
		};
		2759396ACCD5427CB90C1584 /* Kuk */ = {
			isa = XCBuildConfiguration;
			buildSettings = {
				ARCHS = arm64;
				COMBINE_HIDPI_IMAGES = YES;
				GCC_GENERATE_DEBUGGING_SYMBOLS = YES;
				GCC_INLINES_ARE_PRIVATE_EXTERN = NO;
				GCC_OPTIMIZATION_LEVEL = 0;
				GCC_PREPROCESSOR_DEFINITIONS = ("'CMAKE_INTDIR=\"$(CONFIGURATION)$(EFFECTIVE_PLATFORM_NAME)\"'");
				GCC_SYMBOLS_PRIVATE_EXTERN = NO;
				INSTALL_PATH = "";
				ONLY_ACTIVE_ARCH = NO;
				OTHER_LDFLAGS = ("");
				OTHER_REZFLAGS = "";
				PRODUCT_NAME = ZERO_CHECK;
				SECTORDER_FLAGS = "";
				SYMROOT = /Users/philipwenkel/Github/Modules_example_cmake/xbuild;
				USE_HEADERMAP = NO;
				WARNING_CFLAGS = ("$(inherited)");
			};
			name = Kuk;
		};
		2A643AD89EDD439CBD876218 /* Debug */ = {
			isa = XCBuildConfiguration;
			buildSettings = {
				ARCHS = arm64;
				COMBINE_HIDPI_IMAGES = YES;
				GCC_GENERATE_DEBUGGING_SYMBOLS = YES;
				GCC_INLINES_ARE_PRIVATE_EXTERN = NO;
				GCC_OPTIMIZATION_LEVEL = 0;
				GCC_PREPROCESSOR_DEFINITIONS = ("'CMAKE_INTDIR=\"$(CONFIGURATION)$(EFFECTIVE_PLATFORM_NAME)\"'");
				GCC_SYMBOLS_PRIVATE_EXTERN = NO;
				INSTALL_PATH = "";
				ONLY_ACTIVE_ARCH = NO;
				OTHER_LDFLAGS = ("");
				OTHER_REZFLAGS = "";
				PRODUCT_NAME = ALL_BUILD;
				SECTORDER_FLAGS = "";
				SYMROOT = /Users/philipwenkel/Github/Modules_example_cmake/xbuild;
				USE_HEADERMAP = NO;
				WARNING_CFLAGS = ("$(inherited)");
			};
			name = Debug;
		};
		4760BCC2DCE0423A824C8EA9 /* Debug */ = {
			isa = XCBuildConfiguration;
			buildSettings = {
				ARCHS = arm64;
				COMBINE_HIDPI_IMAGES = YES;
				GCC_GENERATE_DEBUGGING_SYMBOLS = YES;
				GCC_INLINES_ARE_PRIVATE_EXTERN = NO;
				GCC_OPTIMIZATION_LEVEL = 0;
				GCC_PREPROCESSOR_DEFINITIONS = ("'CMAKE_INTDIR=\"$(CONFIGURATION)$(EFFECTIVE_PLATFORM_NAME)\"'");
				GCC_SYMBOLS_PRIVATE_EXTERN = NO;
				INSTALL_PATH = "";
				ONLY_ACTIVE_ARCH = NO;
				OTHER_LDFLAGS = ("");
				OTHER_REZFLAGS = "";
				PRODUCT_NAME = helloworld.pcm;
				SECTORDER_FLAGS = "";
				SYMROOT = /Users/philipwenkel/Github/Modules_example_cmake/xbuild;
				USE_HEADERMAP = NO;
				WARNING_CFLAGS = ("$(inherited)");
			};
			name = Debug;
		};
		53B72ABF60C246D880A38311 /* Kuk */ = {
			isa = XCBuildConfiguration;
			buildSettings = {
				ARCHS = arm64;
				COMBINE_HIDPI_IMAGES = YES;
				GCC_GENERATE_DEBUGGING_SYMBOLS = YES;
				GCC_INLINES_ARE_PRIVATE_EXTERN = NO;
				GCC_OPTIMIZATION_LEVEL = 0;
				GCC_PREPROCESSOR_DEFINITIONS = ("'CMAKE_INTDIR=\"$(CONFIGURATION)$(EFFECTIVE_PLATFORM_NAME)\"'");
				GCC_SYMBOLS_PRIVATE_EXTERN = NO;
				INSTALL_PATH = "";
				ONLY_ACTIVE_ARCH = NO;
				OTHER_LDFLAGS = ("");
				OTHER_REZFLAGS = "";
				PRODUCT_NAME = speech.pcm;
				SECTORDER_FLAGS = "";
				SYMROOT = /Users/philipwenkel/Github/Modules_example_cmake/xbuild;
				USE_HEADERMAP = NO;
				WARNING_CFLAGS = ("$(inherited)");
			};
			name = Kuk;
		};
		6DFFE6907EF046DE91EB7FB1 /* Release */ = {
			isa = XCBuildConfiguration;
			buildSettings = {
				ARCHS = arm64;
				COMBINE_HIDPI_IMAGES = YES;
				GCC_GENERATE_DEBUGGING_SYMBOLS = YES;
				GCC_INLINES_ARE_PRIVATE_EXTERN = NO;
				GCC_OPTIMIZATION_LEVEL = 0;
				GCC_PREPROCESSOR_DEFINITIONS = ("'CMAKE_INTDIR=\"$(CONFIGURATION)$(EFFECTIVE_PLATFORM_NAME)\"'");
				GCC_SYMBOLS_PRIVATE_EXTERN = NO;
				INSTALL_PATH = "";
				ONLY_ACTIVE_ARCH = NO;
				OTHER_LDFLAGS = ("");
				OTHER_REZFLAGS = "";
				PRODUCT_NAME = ZERO_CHECK;
				SECTORDER_FLAGS = "";
				SYMROOT = /Users/philipwenkel/Github/Modules_example_cmake/xbuild;
				USE_HEADERMAP = NO;
				WARNING_CFLAGS = ("$(inherited)");
			};
			name = Release;
		};
		7BB89FF4674B4F6DB6130774 /* Release */ = {
			isa = XCBuildConfiguration;
			buildSettings = {
				ARCHS = arm64;
				COMBINE_HIDPI_IMAGES = YES;
				GCC_GENERATE_DEBUGGING_SYMBOLS = YES;
				GCC_INLINES_ARE_PRIVATE_EXTERN = NO;
				GCC_OPTIMIZATION_LEVEL = 0;
				GCC_PREPROCESSOR_DEFINITIONS = ("'CMAKE_INTDIR=\"$(CONFIGURATION)$(EFFECTIVE_PLATFORM_NAME)\"'");
				GCC_SYMBOLS_PRIVATE_EXTERN = NO;
				INSTALL_PATH = "";
				ONLY_ACTIVE_ARCH = NO;
				OTHER_LDFLAGS = ("");
				OTHER_REZFLAGS = "";
				PRODUCT_NAME = ALL_BUILD;
				SECTORDER_FLAGS = "";
				SYMROOT = /Users/philipwenkel/Github/Modules_example_cmake/xbuild;
				USE_HEADERMAP = NO;
				WARNING_CFLAGS = ("$(inherited)");
			};
			name = Release;
		};
		7C75C98B5DEF420A84A5F8FF /* Kuk */ = {
			isa = XCBuildConfiguration;
			buildSettings = {
				ARCHS = arm64;
				COMBINE_HIDPI_IMAGES = YES;
				GCC_GENERATE_DEBUGGING_SYMBOLS = YES;
				GCC_INLINES_ARE_PRIVATE_EXTERN = NO;
				GCC_OPTIMIZATION_LEVEL = 0;
				GCC_PREPROCESSOR_DEFINITIONS = ("'CMAKE_INTDIR=\"$(CONFIGURATION)$(EFFECTIVE_PLATFORM_NAME)\"'");
				GCC_SYMBOLS_PRIVATE_EXTERN = NO;
				INSTALL_PATH = "";
				ONLY_ACTIVE_ARCH = NO;
				OTHER_LDFLAGS = ("");
				OTHER_REZFLAGS = "";
				PRODUCT_NAME = ALL_BUILD;
				SECTORDER_FLAGS = "";
				SYMROOT = /Users/philipwenkel/Github/Modules_example_cmake/xbuild;
				USE_HEADERMAP = NO;
				WARNING_CFLAGS = ("$(inherited)");
			};
			name = Kuk;
		};
		823DA889CD02480997A63A4C /* Release */ = {
			isa = XCBuildConfiguration;
			buildSettings = {
				ARCHS = arm64;
				COMBINE_HIDPI_IMAGES = YES;
				EXECUTABLE_PREFIX = "";
				EXECUTABLE_SUFFIX = "";
				GCC_GENERATE_DEBUGGING_SYMBOLS = NO;
				GCC_INLINES_ARE_PRIVATE_EXTERN = NO;
				GCC_OPTIMIZATION_LEVEL = 3;
				GCC_PREPROCESSOR_DEFINITIONS = ("'CMAKE_INTDIR=\"$(CONFIGURATION)$(EFFECTIVE_PLATFORM_NAME)\"'");
				GCC_SYMBOLS_PRIVATE_EXTERN = NO;
				INSTALL_PATH = "";
				ONLY_ACTIVE_ARCH = NO;
				OTHER_CPLUSPLUSFLAGS = "    -DNDEBUG -fmodules '-stdlib=libc++' -fbuiltin-module-map -fimplicit-module-maps '-fprebuilt-module-path=/Users/philipwenkel/Github/Modules_example_cmake/xbuild/modules' '-std=c++2a' ";
				OTHER_LDFLAGS = ("-L/opt/homebrew/opt/openssl@1.1/lib -Wl,-search_paths_first -Wl,-headerpad_max_install_names");
				OTHER_REZFLAGS = "";
				PRODUCT_NAME = main;
				SECTORDER_FLAGS = "";
				SYMROOT = /Users/philipwenkel/Github/Modules_example_cmake/xbuild;
				USE_HEADERMAP = NO;
				WARNING_CFLAGS = ("$(inherited)");
			};
			name = Release;
		};
		A67AFBC3E438408FAF4293D1 /* Debug */ = {
			isa = XCBuildConfiguration;
			buildSettings = {
				ARCHS = arm64;
				COMBINE_HIDPI_IMAGES = YES;
				GCC_GENERATE_DEBUGGING_SYMBOLS = YES;
				GCC_INLINES_ARE_PRIVATE_EXTERN = NO;
				GCC_OPTIMIZATION_LEVEL = 0;
				GCC_PREPROCESSOR_DEFINITIONS = ("'CMAKE_INTDIR=\"$(CONFIGURATION)$(EFFECTIVE_PLATFORM_NAME)\"'");
				GCC_SYMBOLS_PRIVATE_EXTERN = NO;
				INSTALL_PATH = "";
				ONLY_ACTIVE_ARCH = NO;
				OTHER_LDFLAGS = ("");
				OTHER_REZFLAGS = "";
				PRODUCT_NAME = speech.pcm;
				SECTORDER_FLAGS = "";
				SYMROOT = /Users/philipwenkel/Github/Modules_example_cmake/xbuild;
				USE_HEADERMAP = NO;
				WARNING_CFLAGS = ("$(inherited)");
			};
			name = Debug;
		};
		A88D1E5CFE7D4BD299E94B58 /* Debug */ = {
			isa = XCBuildConfiguration;
			buildSettings = {
				ARCHS = arm64;
				SDKROOT = /Applications/Xcode.app/Contents/Developer/Platforms/MacOSX.platform/Developer/SDKs/MacOSX11.3.sdk;
				SYMROOT = /Users/philipwenkel/Github/Modules_example_cmake/xbuild/build;
			};
			name = Debug;
		};
		BE51DA00BD1641B99289008E /* Kuk */ = {
			isa = XCBuildConfiguration;
			buildSettings = {
				ARCHS = arm64;
				SDKROOT = /Applications/Xcode.app/Contents/Developer/Platforms/MacOSX.platform/Developer/SDKs/MacOSX11.3.sdk;
				SYMROOT = /Users/philipwenkel/Github/Modules_example_cmake/xbuild/build;
			};
			name = Kuk;
		};
		C7CB76A24DD141FE844C626C /* Release */ = {
			isa = XCBuildConfiguration;
			buildSettings = {
				ARCHS = arm64;
				SDKROOT = /Applications/Xcode.app/Contents/Developer/Platforms/MacOSX.platform/Developer/SDKs/MacOSX11.3.sdk;
				SYMROOT = /Users/philipwenkel/Github/Modules_example_cmake/xbuild/build;
			};
			name = Release;
		};
		DC0701C82E9545B4BF834B4C /* Release */ = {
			isa = XCBuildConfiguration;
			buildSettings = {
				ARCHS = arm64;
				COMBINE_HIDPI_IMAGES = YES;
				GCC_GENERATE_DEBUGGING_SYMBOLS = YES;
				GCC_INLINES_ARE_PRIVATE_EXTERN = NO;
				GCC_OPTIMIZATION_LEVEL = 0;
				GCC_PREPROCESSOR_DEFINITIONS = ("'CMAKE_INTDIR=\"$(CONFIGURATION)$(EFFECTIVE_PLATFORM_NAME)\"'");
				GCC_SYMBOLS_PRIVATE_EXTERN = NO;
				INSTALL_PATH = "";
				ONLY_ACTIVE_ARCH = NO;
				OTHER_LDFLAGS = ("");
				OTHER_REZFLAGS = "";
				PRODUCT_NAME = speech.pcm;
				SECTORDER_FLAGS = "";
				SYMROOT = /Users/philipwenkel/Github/Modules_example_cmake/xbuild;
				USE_HEADERMAP = NO;
				WARNING_CFLAGS = ("$(inherited)");
			};
			name = Release;
		};
		E1D2070823494BBBA9BA7281 /* Debug */ = {
			isa = XCBuildConfiguration;
			buildSettings = {
				ARCHS = arm64;
				COMBINE_HIDPI_IMAGES = YES;
				GCC_GENERATE_DEBUGGING_SYMBOLS = YES;
				GCC_INLINES_ARE_PRIVATE_EXTERN = NO;
				GCC_OPTIMIZATION_LEVEL = 0;
				GCC_PREPROCESSOR_DEFINITIONS = ("'CMAKE_INTDIR=\"$(CONFIGURATION)$(EFFECTIVE_PLATFORM_NAME)\"'");
				GCC_SYMBOLS_PRIVATE_EXTERN = NO;
				INSTALL_PATH = "";
				ONLY_ACTIVE_ARCH = NO;
				OTHER_LDFLAGS = ("");
				OTHER_REZFLAGS = "";
				PRODUCT_NAME = ZERO_CHECK;
				SECTORDER_FLAGS = "";
				SYMROOT = /Users/philipwenkel/Github/Modules_example_cmake/xbuild;
				USE_HEADERMAP = NO;
				WARNING_CFLAGS = ("$(inherited)");
			};
			name = Debug;
		};
/* End XCBuildConfiguration section */

/* Begin XCConfigurationList section */
		0A708A69902644209CF3721F /* Build configuration list for PBXAggregateTarget "ZERO_CHECK" */ = {
			isa = XCConfigurationList;
			buildConfigurations = (
				E1D2070823494BBBA9BA7281 /* Debug */,
				6DFFE6907EF046DE91EB7FB1 /* Release */,
				2759396ACCD5427CB90C1584 /* Kuk */,
			);
			defaultConfigurationIsVisible = 0;
			defaultConfigurationName = Debug;
		};
		74FCFE9BB0BC4DA49ABD3900 /* Build configuration list for PBXAggregateTarget "ALL_BUILD" */ = {
			isa = XCConfigurationList;
			buildConfigurations = (
				2A643AD89EDD439CBD876218 /* Debug */,
				7BB89FF4674B4F6DB6130774 /* Release */,
				7C75C98B5DEF420A84A5F8FF /* Kuk */,
			);
			defaultConfigurationIsVisible = 0;
			defaultConfigurationName = Debug;
		};
		8C04E4FC92544C1F84F89707 /* Build configuration list for PBXNativeTarget "main" */ = {
			isa = XCConfigurationList;
			buildConfigurations = (
				0D1B63B6400D45F381D3F277 /* Debug */,
				823DA889CD02480997A63A4C /* Release */,
				19BCE68677B54C61B9498230 /* Kuk */,
			);
			defaultConfigurationIsVisible = 0;
			defaultConfigurationName = Debug;
		};
		953151B758F14498B0EB4901 /* Build configuration list for PBXAggregateTarget "helloworld.pcm" */ = {
			isa = XCConfigurationList;
			buildConfigurations = (
				4760BCC2DCE0423A824C8EA9 /* Debug */,
				092E6C799D484F13B7A35F4C /* Release */,
				1B139129F92C47329353330B /* Kuk */,
			);
			defaultConfigurationIsVisible = 0;
			defaultConfigurationName = Debug;
		};
		BEFDF9067DF74A958ED2CA24 /* Build configuration list for PBXProject "main" */ = {
			isa = XCConfigurationList;
			buildConfigurations = (
				A88D1E5CFE7D4BD299E94B58 /* Debug */,
				C7CB76A24DD141FE844C626C /* Release */,
				BE51DA00BD1641B99289008E /* Kuk */,
			);
			defaultConfigurationIsVisible = 0;
			defaultConfigurationName = Debug;
		};
		FC43489A69C54E64ABD97B4E /* Build configuration list for PBXAggregateTarget "speech.pcm" */ = {
			isa = XCConfigurationList;
			buildConfigurations = (
				A67AFBC3E438408FAF4293D1 /* Debug */,
				DC0701C82E9545B4BF834B4C /* Release */,
				53B72ABF60C246D880A38311 /* Kuk */,
			);
			defaultConfigurationIsVisible = 0;
			defaultConfigurationName = Debug;
		};
/* End XCConfigurationList section */
	};
	rootObject = 971F48B899DD4AFE8E8931D2 /* Project object */;
}
